{
  "name": "eagle-exif-tagger",
  "version": "0.1.0",
  "lockfileVersion": 3,
  "requires": true,
  "packages": {
    "": {
      "name": "eagle-exif-tagger",
      "version": "0.1.0",
      "dependencies": {
        "exifreader": "^4.31.0"
      }
    },
    "node_modules/@xmldom/xmldom": {
      "version": "0.9.10",
      "resolved": "https://registry.npmjs.org/@xmldom/xmldom/-/xmldom-0.9.10.tgz",
      "integrity": "sha512-A9gOqLdi6cV4ibazAjcQufGj0B1y/vDqYrcuP6d/6x8P27gRS8643Dj9o1dEKtB6O7fwxb2FgBmJS2mX7gpvdw==",
      "license": "MIT",
      "optional": true,
      "engines": {
        "node": ">=14.6"
      }
    },
    "node_modules/exifreader": {
      "version": "4.41.0",
      "resolved": "https://registry.npmjs.org/exifreader/-/exifreader-4.41.0.tgz",
      "integrity": "sha512-P3nPeh6GWs5D5RZdRZ6q/LorHPmmeDgKsowduqRabtTFiqMD2bc5eTN+Dhq00O9BCuV2eksu3oOJh4ZaZvkK0A==",
      "hasInstallScript": true,
      "license": "MPL-2.0",
      "bin": {
        "exifreader": "bin/cli.js"
      },
      "optionalDependencies": {
        "@xmldom/xmldom": "^0.9.10"
      }
    }
  }
}
